
Microsoft Visual Studio Solution File, Format Version 12.00
# Visual Studio Version 17
VisualStudioVersion = 17.1.32210.238
MinimumVisualStudioVersion = 10.0.40219.1
Project("{FAE04EC0-301F-11D3-BF4B-00C04F79EFBC}") = "ConsoleApp1", "ConsoleApp1\ConsoleApp1.csproj", "{EFE9674C-13DC-4DBD-AD2A-3C156E9227BD}"
EndProject
Global
	GlobalSection(SolutionConfigurationPlatforms) = preSolution
		Debug|Any CPU = Debug|Any CPU
		Release|Any CPU = Release|Any CPU
	EndGlobalSection
	GlobalSection(ProjectConfigurationPlatforms) = postSolution
		{EFE9674C-13DC-4DBD-AD2A-3C156E9227BD}.Debug|Any CPU.ActiveCfg = Debug|Any CPU
		{EFE9674C-13DC-4DBD-AD2A-3C156E9227BD}.Debug|Any CPU.Build.0 = Debug|Any CPU
		{EFE9674C-13DC-4DBD-AD2A-3C156E9227BD}.Release|Any CPU.ActiveCfg = Release|Any CPU
		{EFE9674C-13DC-4DBD-AD2A-3C156E9227BD}.Release|Any CPU.Build.0 = Release|Any CPU
	EndGlobalSection
	GlobalSection(SolutionProperties) = preSolution
		HideSolutionNode = FALSE
	EndGlobalSection
	GlobalSection(ExtensibilityGlobals) = postSolution
		SolutionGuid = {FD7D92AC-E1C6-4350-A3BC-57C4AC9573E0}
	EndGlobalSection
EndGlobal
